// !$*UTF8*$!
{
	archiveVersion = 1;
	classes = {
	};
	objectVersion = 46;
	objects = {

/* Begin PBXBuildFile section */
		6619681A1BF511E00018B098 /* AppDelegate.swift in Sources */ = {isa = PBXBuildFile; fileRef = 661968191BF511E00018B098 /* AppDelegate.swift */; };
		6619681C1BF511E00018B098 /* ViewController.swift in Sources */ = {isa = PBXBuildFile; fileRef = 6619681B1BF511E00018B098 /* ViewController.swift */; };
		6619681F1BF511E00018B098 /* Main.storyboard in Resources */ = {isa = PBXBuildFile; fileRef = 6619681D1BF511E00018B098 /* Main.storyboard */; };
		661968211BF511E00018B098 /* Assets.xcassets in Resources */ = {isa = PBXBuildFile; fileRef = 661968201BF511E00018B098 /* Assets.xcassets */; };
		661968241BF511E00018B098 /* LaunchScreen.storyboard in Resources */ = {isa = PBXBuildFile; fileRef = 661968221BF511E00018B098 /* LaunchScreen.storyboard */; };
/* End PBXBuildFile section */

/* Begin PBXFileReference section */
		661968161BF511E00018B098 /* App1Amov_TP.app */ = {isa = PBXFileReference; explicitFileType = wrapper.application; includeInIndex = 0; path = App1Amov_TP.app; sourceTree = BUILT_PRODUCTS_DIR; };
		661968191BF511E00018B098 /* AppDelegate.swift */ = {isa = PBXFileReference; lastKnownFileType = sourcecode.swift; path = AppDelegate.swift; sourceTree = "<group>"; };
		6619681B1BF511E00018B098 /* ViewController.swift */ = {isa = PBXFileReference; lastKnownFileType = sourcecode.swift; path = ViewController.swift; sourceTree = "<group>"; };
		6619681E1BF511E00018B098 /* Base */ = {isa = PBXFileReference; lastKnownFileType = file.storyboard; name = Base; path = Base.lproj/Main.storyboard; sourceTree = "<group>"; };
		661968201BF511E00018B098 /* Assets.xcassets */ = {isa = PBXFileReference; lastKnownFileType = folder.assetcatalog; path = Assets.xcassets; sourceTree = "<group>"; };
		661968231BF511E00018B098 /* Base */ = {isa = PBXFileReference; lastKnownFileType = file.storyboard; name = Base; path = Base.lproj/LaunchScreen.storyboard; sourceTree = "<group>"; };
		661968251BF511E00018B098 /* Info.plist */ = {isa = PBXFileReference; lastKnownFileType = text.plist.xml; path = Info.plist; sourceTree = "<group>"; };
/* End PBXFileReference section */

/* Begin PBXFrameworksBuildPhase section */
		661968131BF511E00018B098 /* Frameworks */ = {
			isa = PBXFrameworksBuildPhase;
			buildActionMask = 2147483647;
			files = (
			);
			runOnlyForDeploymentPostprocessing = 0;
		};
/* End PBXFrameworksBuildPhase section */

/* Begin PBXGroup section */
		6619680D1BF511E00018B098 = {
			isa = PBXGroup;
			children = (
				661968181BF511E00018B098 /* App1Amov_TP */,
				661968171BF511E00018B098 /* Products */,
			);
			sourceTree = "<group>";
		};
		661968171BF511E00018B098 /* Products */ = {
			isa = PBXGroup;
			children = (
				661968161BF511E00018B098 /* App1Amov_TP.app */,
			);
			name = Products;
			sourceTree = "<group>";
		};
		661968181BF511E00018B098 /* App1Amov_TP */ = {
			isa = PBXGroup;
			children = (
				661968191BF511E00018B098 /* AppDelegate.swift */,
				6619681B1BF511E00018B098 /* ViewController.swift */,
				6619681D1BF511E00018B098 /* Main.storyboard */,
				661968201BF511E00018B098 /* Assets.xcassets */,
				661968221BF511E00018B098 /* LaunchScreen.storyboard */,
				661968251BF511E00018B098 /* Info.plist */,
			);
			path = App1Amov_TP;
			sourceTree = "<group>";
		};
/* End PBXGroup section */

/* Begin PBXNativeTarget section */
		661968151BF511E00018B098 /* App1Amov_TP */ = {
			isa = PBXNativeTarget;
			buildConfigurationList = 661968281BF511E00018B098 /* Build configuration list for PBXNativeTarget "App1Amov_TP" */;
			buildPhases = (
				661968121BF511E00018B098 /* Sources */,
				661968131BF511E00018B098 /* Frameworks */,
				661968141BF511E00018B098 /* Resources */,
			);
			buildRules = (
			);
			dependencies = (
			);
			name = App1Amov_TP;
			productName = App1Amov_TP;
			productReference = 661968161BF511E00018B098 /* App1Amov_TP.app */;
			productType = "com.apple.product-type.application";
		};
/* End PBXNativeTarget section */

/* Begin PBXProject section */
		6619680E1BF511E00018B098 /* Project object */ = {
			isa = PBXProject;
			attributes = {
				LastUpgradeCheck = 0700;
				ORGANIZATIONNAME = "Dmytro Yaremyshyn";
				TargetAttributes = {
					661968151BF511E00018B098 = {
						CreatedOnToolsVersion = 7.0.1;
					};
				};
			};
			buildConfigurationList = 661968111BF511E00018B098 /* Build configuration list for PBXProject "App1Amov_TP" */;
			compatibilityVersion = "Xcode 3.2";
			developmentRegion = English;
			hasScannedForEncodings = 0;
			knownRegions = (
				en,
				Base,
			);
			mainGroup = 6619680D1BF511E00018B098;
			productRefGroup = 661968171BF511E00018B098 /* Products */;
			projectDirPath = "";
			projectRoot = "";
			targets = (
				661968151BF511E00018B098 /* App1Amov_TP */,
			);
		};
/* End PBXProject section */

/* Begin PBXResourcesBuildPhase section */
		661968141BF511E00018B098 /* Resources */ = {
			isa = PBXResourcesBuildPhase;
			buildActionMask = 2147483647;
			files = (
				661968241BF511E00018B098 /* LaunchScreen.storyboard in Resources */,
				661968211BF511E00018B098 /* Assets.xcassets in Resources */,
				6619681F1BF511E00018B098 /* Main.storyboard in Resources */,
			);
			runOnlyForDeploymentPostprocessing = 0;
		};
/* End PBXResourcesBuildPhase section */

/* Begin PBXSourcesBuildPhase section */
		661968121BF511E00018B098 /* Sources */ = {
			isa = PBXSourcesBuildPhase;
			buildActionMask = 2147483647;
			files = (
				6619681C1BF511E00018B098 /* ViewController.swift in Sources */,
				6619681A1BF511E00018B098 /* AppDelegate.swift in Sources */,
			);
			runOnlyForDeploymentPostprocessing = 0;
		};
/* End PBXSourcesBuildPhase section */

/* Begin PBXVariantGroup section */
		6619681D1BF511E00018B098 /* Main.storyboard */ = {
			isa = PBXVariantGroup;
			children = (
				6619681E1BF511E00018B098 /* Base */,
			);
			name = Main.storyboard;
			sourceTree = "<group>";
		};
		661968221BF511E00018B098 /* LaunchScreen.storyboard */ = {
			isa = PBXVariantGroup;
			children = (
				661968231BF511E00018B098 /* Base */,
			);
			name = LaunchScreen.storyboard;
			sourceTree = "<group>";
		};
/* End PBXVariantGroup section */

/* Begin XCBuildConfiguration section */
		661968261BF511E00018B098 /* Debug */ = {
			isa = XCBuildConfiguration;
			buildSettings = {
				ALWAYS_SEARCH_USER_PATHS = NO;
				CLANG_CXX_LANGUAGE_STANDARD = "gnu++0x";
				CLANG_CXX_LIBRARY = "libc++";
				CLANG_ENABLE_MODULES = YES;
				CLANG_ENABLE_OBJC_ARC = YES;
				CLANG_WARN_BOOL_CONVERSION = YES;
				CLANG_WARN_CONSTANT_CONVERSION = YES;
				CLANG_WARN_DIRECT_OBJC_ISA_USAGE = YES_ERROR;
				CLANG_WARN_EMPTY_BODY = YES;
				CLANG_WARN_ENUM_CONVERSION = YES;
				CLANG_WARN_INT_CONVERSION = YES;
				CLANG_WARN_OBJC_ROOT_CLASS = YES_ERROR;
				CLANG_WARN_UNREACHABLE_CODE = YES;
				CLANG_WARN__DUPLICATE_METHOD_MATCH = YES;
				"CODE_SIGN_IDENTITY[sdk=iphoneos*]" = "iPhone Developer";
				COPY_PHASE_STRIP = NO;
				DEBUG_INFORMATION_FORMAT = dwarf;
				ENABLE_STRICT_OBJC_MSGSEND = YES;
				ENABLE_TESTABILITY = YES;
				GCC_C_LANGUAGE_STANDARD = gnu99;
				GCC_DYNAMIC_NO_PIC = NO;
				GCC_NO_COMMON_BLOCKS = YES;
				GCC_OPTIMIZATION_LEVEL = 0;
				GCC_PREPROCESSOR_DEFINITIONS = (
					"DEBUG=1",
					"$(inherited)",
				);
				GCC_WARN_64_TO_32_BIT_CONVERSION = YES;
				GCC_WARN_ABOUT_RETURN_TYPE = YES_ERROR;
				GCC_WARN_UNDECLARED_SELECTOR = YES;
				GCC_WARN_UNINITIALIZED_AUTOS = YES_AGGRESSIVE;
				GCC_WARN_UNUSED_FUNCTION = YES;
				GCC_WARN_UNUSED_VARIABLE = YES;
				IPHONEOS_DEPLOYMENT_TARGET = 9.0;
				MTL_ENABLE_DEBUG_INFO = YES;
				ONLY_ACTIVE_ARCH = YES;
				SDKROOT = iphoneos;
				SWIFT_OPTIMIZATION_LEVEL = "-Onone";
				TARGETED_DEVICE_FAMILY = 2;
			};
			name = Debug;
		};
		661968271BF511E00018B098 /* Release */ = {
			isa = XCBuildConfiguration;
			buildSettings = {
				ALWAYS_SEARCH_USER_PATHS = NO;
				CLANG_CXX_LANGUAGE_STANDARD = "gnu++0x";
				CLANG_CXX_LIBRARY = "libc++";
				CLANG_ENABLE_MODULES = YES;
				CLANG_ENABLE_OBJC_ARC = YES;
				CLANG_WARN_BOOL_CONVERSION = YES;
				CLANG_WARN_CONSTANT_CONVERSION = YES;
				CLANG_WARN_DIRECT_OBJC_ISA_USAGE = YES_ERROR;
				CLANG_WARN_EMPTY_BODY = YES;
				CLANG_WARN_ENUM_CONVERSION = YES;
				CLANG_WARN_INT_CONVERSION = YES;
				CLANG_WARN_OBJC_ROOT_CLASS = YES_ERROR;
				CLANG_WARN_UNREACHABLE_CODE = YES;
				CLANG_WARN__DUPLICATE_METHOD_MATCH = YES;
				"CODE_SIGN_IDENTITY[sdk=iphoneos*]" = "iPhone Developer";
				COPY_PHASE_STRIP = NO;
				DEBUG_INFORMATION_FORMAT = "dwarf-with-dsym";
				ENABLE_NS_ASSERTIONS = NO;
				ENABLE_STRICT_OBJC_MSGSEND = YES;
				GCC_C_LANGUAGE_STANDARD = gnu99;
				GCC_NO_COMMON_BLOCKS = YES;
				GCC_WARN_64_TO_32_BIT_CONVERSION = YES;
				GCC_WARN_ABOUT_RETURN_TYPE = YES_ERROR;
				GCC_WARN_UNDECLARED_SELECTOR = YES;
				GCC_WARN_UNINITIALIZED_AUTOS = YES_AGGRESSIVE;
				GCC_WARN_UNUSED_FUNCTION = YES;
				GCC_WARN_UNUSED_VARIABLE = YES;
				IPHONEOS_DEPLOYMENT_TARGET = 9.0;
				MTL_ENABLE_DEBUG_INFO = NO;
				SDKROOT = iphoneos;
				TARGETED_DEVICE_FAMILY = 2;
				VALIDATE_PRODUCT = YES;
			};
			name = Release;
		};
		661968291BF511E00018B098 /* Debug */ = {
			isa = XCBuildConfiguration;
			buildSettings = {
				ASSETCATALOG_COMPILER_APPICON_NAME = AppIcon;
				INFOPLIST_FILE = App1Amov_TP/Info.plist;
				LD_RUNPATH_SEARCH_PATHS = "$(inherited) @executable_path/Frameworks";
				PRODUCT_BUNDLE_IDENTIFIER = "pt.isec.a21220683.App1Amov-TP";
				PRODUCT_NAME = "$(TARGET_NAME)";
			};
			name = Debug;
		};
		6619682A1BF511E00018B098 /* Release */ = {
			isa = XCBuildConfiguration;
			buildSettings = {
				ASSETCATALOG_COMPILER_APPICON_NAME = AppIcon;
				INFOPLIST_FILE = App1Amov_TP/Info.plist;
				LD_RUNPATH_SEARCH_PATHS = "$(inherited) @executable_path/Frameworks";
				PRODUCT_BUNDLE_IDENTIFIER = "pt.isec.a21220683.App1Amov-TP";
				PRODUCT_NAME = "$(TARGET_NAME)";
			};
			name = Release;
		};
/* End XCBuildConfiguration section */

/* Begin XCConfigurationList section */
		661968111BF511E00018B098 /* Build configuration list for PBXProject "App1Amov_TP" */ = {
			isa = XCConfigurationList;
			buildConfigurations = (
				661968261BF511E00018B098 /* Debug */,
				661968271BF511E00018B098 /* Release */,
			);
			defaultConfigurationIsVisible = 0;
			defaultConfigurationName = Release;
		};
		661968281BF511E00018B098 /* Build configuration list for PBXNativeTarget "App1Amov_TP" */ = {
			isa = XCConfigurationList;
			buildConfigurations = (
				661968291BF511E00018B098 /* Debug */,
				6619682A1BF511E00018B098 /* Release */,
			);
			defaultConfigurationIsVisible = 0;
		};
/* End XCConfigurationList section */
	};
	rootObject = 6619680E1BF511E00018B098 /* Project object */;
}
